dependencies:
- name: common
  repository: https://charts.bitnami.com/bitnami
  version: 1.10.4
- name: postgresql
  repository: https://charts.bitnami.com/bitnami
  version: 11.0.4
digest: sha256:6a4a9aed0a095774857f9fe02d0663b651c3a580da0baa47f7cc1e969874afc2
generated: "2022-02-15T14:09:34.948749465Z"
